
Microsoft Visual Studio Solution File, Format Version 12.00
# Visual Studio Version 17
VisualStudioVersion = 17.14.36429.23 d17.14
MinimumVisualStudioVersion = 10.0.40219.1
Project("{FAE04EC0-301F-11D3-BF4B-00C04F79EFBC}") = "NZWalksAPI", "NZWalksAPI\NZWalksAPI.csproj", "{39A02856-EF24-45BE-8971-D44844C44650}"
EndProject
Global
	GlobalSection(SolutionConfigurationPlatforms) = preSolution
		Debug|Any CPU = Debug|Any CPU
		Release|Any CPU = Release|Any CPU
	EndGlobalSection
	GlobalSection(ProjectConfigurationPlatforms) = postSolution
		{39A02856-EF24-45BE-8971-D44844C44650}.Debug|Any CPU.ActiveCfg = Debug|Any CPU
		{39A02856-EF24-45BE-8971-D44844C44650}.Debug|Any CPU.Build.0 = Debug|Any CPU
		{39A02856-EF24-45BE-8971-D44844C44650}.Release|Any CPU.ActiveCfg = Release|Any CPU
		{39A02856-EF24-45BE-8971-D44844C44650}.Release|Any CPU.Build.0 = Release|Any CPU
	EndGlobalSection
	GlobalSection(SolutionProperties) = preSolution
		HideSolutionNode = FALSE
	EndGlobalSection
	GlobalSection(ExtensibilityGlobals) = postSolution
		SolutionGuid = {3D2C4B9C-32DE-4852-9A48-6C524FCF7247}
	EndGlobalSection
EndGlobal
